
Microsoft Visual Studio Solution File, Format Version 12.00
# Visual Studio Version 17
VisualStudioVersion = 17.14.36429.23
MinimumVisualStudioVersion = 10.0.40219.1
Project("{2150E333-8FDC-42A3-9474-1A3956D46DE8}") = "Task0", "Task0", "{02EA681E-C7D8-13C7-8484-4AC65E1B71E8}"
EndProject
Project("{FAE04EC0-301F-11D3-BF4B-00C04F79EFBC}") = "Tyuiu.MakarovAY.Sprint2.Task0.V28", "Tyuiu.MakarovAY.Sprint2.Task0.V28\Tyuiu.MakarovAY.Sprint2.Task0.V28.csproj", "{FAC2D80B-406A-4E00-8E59-79AE953566DB}"
EndProject
Project("{FAE04EC0-301F-11D3-BF4B-00C04F79EFBC}") = "Tyuiu.MakarovAY.Sprint2.Task0.V28.Lib", "Tyuiu.MakarovAY.Sprint2.Task0.V28.Lib\Tyuiu.MakarovAY.Sprint2.Task0.V28.Lib.csproj", "{04D38FB6-9342-4BB9-93A2-95D15D6BE8C3}"
EndProject
Project("{FAE04EC0-301F-11D3-BF4B-00C04F79EFBC}") = "Tyuiu.MakarovAY.Sprint2.Task0.V28.Test", "Tyuiu.MakarovAY.Sprint2.Task0.V28.Test\Tyuiu.MakarovAY.Sprint2.Task0.V28.Test.csproj", "{6DBF621B-E4D8-41C3-9C4D-88E68FDEF93A}"
EndProject
Project("{2150E333-8FDC-42A3-9474-1A3956D46DE8}") = "Task1", "Task1", "{8CB2CE66-5B1D-4E86-B73E-FED5C8F1756C}"
EndProject
Project("{FAE04EC0-301F-11D3-BF4B-00C04F79EFBC}") = "Tyuiu.MakarovAY.Sprint2.Task1.V6", "Tyuiu.MakarovAY.Sprint2.Task1.V6\Tyuiu.MakarovAY.Sprint2.Task1.V6.csproj", "{3AA3BEBA-C6CA-4642-8225-3AF76800E228}"
EndProject
Project("{FAE04EC0-301F-11D3-BF4B-00C04F79EFBC}") = "Tyuiu.MakarovAY.Sprint2.Task1.V6.Lib", "Tyuiu.MakarovAY.Sprint2.Task1.V6.Lib\Tyuiu.MakarovAY.Sprint2.Task1.V6.Lib.csproj", "{E5DE995C-DEA2-497A-A928-F87504699DC4}"
EndProject
Project("{FAE04EC0-301F-11D3-BF4B-00C04F79EFBC}") = "Tyuiu.MakarovAY.Sprint2.Task1.V6.Test", "Tyuiu.MakarovAY.Sprint2.Task1.V6.Test\Tyuiu.MakarovAY.Sprint2.Task1.V6.Test.csproj", "{68F1F4F3-33F5-4D36-BDBE-A77E9B3E0A3E}"
EndProject
Project("{2150E333-8FDC-42A3-9474-1A3956D46DE8}") = "Task2", "Task2", "{03F44093-B35D-434E-A2E3-4D3B0D82F316}"
EndProject
Project("{FAE04EC0-301F-11D3-BF4B-00C04F79EFBC}") = "Tyuiu.MakarovAY.Sprint2.Task2.V23", "Tyuiu.MakarovAY.Sprint2.Task2.V23\Tyuiu.MakarovAY.Sprint2.Task2.V23.csproj", "{D57E3608-B607-44D6-931D-EB1E459CA9E8}"
EndProject
Project("{FAE04EC0-301F-11D3-BF4B-00C04F79EFBC}") = "Tyuiu.MakarovAY.Sprint2.Task2.V23.Lib", "Tyuiu.MakarovAY.Sprint2.Task2.V23.Lib\Tyuiu.MakarovAY.Sprint2.Task2.V23.Lib.csproj", "{F0B324EA-F5F7-4ACB-922A-E1859F213D1A}"
EndProject
Project("{FAE04EC0-301F-11D3-BF4B-00C04F79EFBC}") = "Tyuiu.MakarovAY.Sprint2.Task2.V23.Test", "Tyuiu.MakarovAY.Sprint2.Task2.V23.Test\Tyuiu.MakarovAY.Sprint2.Task2.V23.Test.csproj", "{962AB9C6-EDB8-43BE-A4FB-9FA58034398C}"
EndProject
Project("{2150E333-8FDC-42A3-9474-1A3956D46DE8}") = "Task3", "Task3", "{A88ED74A-A65B-486F-A37B-4594CA4EDFDB}"
EndProject
Project("{FAE04EC0-301F-11D3-BF4B-00C04F79EFBC}") = "Tyuiu.MakarovAY.Sprint2.Task3.V8", "Tyuiu.MakarovAY.Sprint2.Task3.V8\Tyuiu.MakarovAY.Sprint2.Task3.V8.csproj", "{294781E9-F75D-49A5-AC85-2BB03E80F37F}"
EndProject
Project("{FAE04EC0-301F-11D3-BF4B-00C04F79EFBC}") = "Tyuiu.MakarovAY.Sprint2.Task3.V8.Lib", "Tyuiu.MakarovAY.Sprint2.Task3.V8.Lib\Tyuiu.MakarovAY.Sprint2.Task3.V8.Lib.csproj", "{862F7C57-4F94-4599-A7FB-9EC7E96DE223}"
EndProject
Project("{FAE04EC0-301F-11D3-BF4B-00C04F79EFBC}") = "Tyuiu.MakarovAY.Sprint2.Task3.V8.Test", "Tyuiu.MakarovAY.Sprint2.Task3.V8.Test\Tyuiu.MakarovAY.Sprint2.Task3.V8.Test.csproj", "{F29713E1-2179-41BA-8277-7F46AA61E76B}"
EndProject
Project("{2150E333-8FDC-42A3-9474-1A3956D46DE8}") = "Task4", "Task4", "{36B7B3F1-5CB0-4800-9482-F103AFFC7A15}"
EndProject
Project("{FAE04EC0-301F-11D3-BF4B-00C04F79EFBC}") = "Tyuiu.MakarovAY.Sprint2.Task4.V2", "Tyuiu.MakarovAY.Sprint2.Task4.V2\Tyuiu.MakarovAY.Sprint2.Task4.V2.csproj", "{667EC725-8BAE-41A5-8328-EA833A7127E0}"
EndProject
Project("{FAE04EC0-301F-11D3-BF4B-00C04F79EFBC}") = "Tyuiu.MakarovAY.Sprint2.Task4.V2.Test", "Tyuiu.MakarovAY.Sprint2.Task4.V2.Test\Tyuiu.MakarovAY.Sprint2.Task4.V2.Test.csproj", "{B69DFB46-6DCB-4C74-BCDE-92E86DC61156}"
EndProject
Project("{FAE04EC0-301F-11D3-BF4B-00C04F79EFBC}") = "Tyuiu.MakarovAY.Sprint2.Task4.V2.Lib", "Tyuiu.MakarovAY.Sprint2.Task4.V2.Lib\Tyuiu.MakarovAY.Sprint2.Task4.V2.Lib.csproj", "{1412AB9D-480A-490A-BBD1-ED8D23290C7B}"
EndProject
Global
	GlobalSection(SolutionConfigurationPlatforms) = preSolution
		Debug|Any CPU = Debug|Any CPU
		Release|Any CPU = Release|Any CPU
	EndGlobalSection
	GlobalSection(ProjectConfigurationPlatforms) = postSolution
		{FAC2D80B-406A-4E00-8E59-79AE953566DB}.Debug|Any CPU.ActiveCfg = Debug|Any CPU
		{FAC2D80B-406A-4E00-8E59-79AE953566DB}.Debug|Any CPU.Build.0 = Debug|Any CPU
		{FAC2D80B-406A-4E00-8E59-79AE953566DB}.Release|Any CPU.ActiveCfg = Release|Any CPU
		{FAC2D80B-406A-4E00-8E59-79AE953566DB}.Release|Any CPU.Build.0 = Release|Any CPU
		{04D38FB6-9342-4BB9-93A2-95D15D6BE8C3}.Debug|Any CPU.ActiveCfg = Debug|Any CPU
		{04D38FB6-9342-4BB9-93A2-95D15D6BE8C3}.Debug|Any CPU.Build.0 = Debug|Any CPU
		{04D38FB6-9342-4BB9-93A2-95D15D6BE8C3}.Release|Any CPU.ActiveCfg = Release|Any CPU
		{04D38FB6-9342-4BB9-93A2-95D15D6BE8C3}.Release|Any CPU.Build.0 = Release|Any CPU
		{6DBF621B-E4D8-41C3-9C4D-88E68FDEF93A}.Debug|Any CPU.ActiveCfg = Debug|Any CPU
		{6DBF621B-E4D8-41C3-9C4D-88E68FDEF93A}.Debug|Any CPU.Build.0 = Debug|Any CPU
		{6DBF621B-E4D8-41C3-9C4D-88E68FDEF93A}.Release|Any CPU.ActiveCfg = Release|Any CPU
		{6DBF621B-E4D8-41C3-9C4D-88E68FDEF93A}.Release|Any CPU.Build.0 = Release|Any CPU
		{3AA3BEBA-C6CA-4642-8225-3AF76800E228}.Debug|Any CPU.ActiveCfg = Debug|Any CPU
		{3AA3BEBA-C6CA-4642-8225-3AF76800E228}.Debug|Any CPU.Build.0 = Debug|Any CPU
		{3AA3BEBA-C6CA-4642-8225-3AF76800E228}.Release|Any CPU.ActiveCfg = Release|Any CPU
		{3AA3BEBA-C6CA-4642-8225-3AF76800E228}.Release|Any CPU.Build.0 = Release|Any CPU
		{E5DE995C-DEA2-497A-A928-F87504699DC4}.Debug|Any CPU.ActiveCfg = Debug|Any CPU
		{E5DE995C-DEA2-497A-A928-F87504699DC4}.Debug|Any CPU.Build.0 = Debug|Any CPU
		{E5DE995C-DEA2-497A-A928-F87504699DC4}.Release|Any CPU.ActiveCfg = Release|Any CPU
		{E5DE995C-DEA2-497A-A928-F87504699DC4}.Release|Any CPU.Build.0 = Release|Any CPU
		{68F1F4F3-33F5-4D36-BDBE-A77E9B3E0A3E}.Debug|Any CPU.ActiveCfg = Debug|Any CPU
		{68F1F4F3-33F5-4D36-BDBE-A77E9B3E0A3E}.Debug|Any CPU.Build.0 = Debug|Any CPU
		{68F1F4F3-33F5-4D36-BDBE-A77E9B3E0A3E}.Release|Any CPU.ActiveCfg = Release|Any CPU
		{68F1F4F3-33F5-4D36-BDBE-A77E9B3E0A3E}.Release|Any CPU.Build.0 = Release|Any CPU
		{D57E3608-B607-44D6-931D-EB1E459CA9E8}.Debug|Any CPU.ActiveCfg = Debug|Any CPU
		{D57E3608-B607-44D6-931D-EB1E459CA9E8}.Debug|Any CPU.Build.0 = Debug|Any CPU
		{D57E3608-B607-44D6-931D-EB1E459CA9E8}.Release|Any CPU.ActiveCfg = Release|Any CPU
		{D57E3608-B607-44D6-931D-EB1E459CA9E8}.Release|Any CPU.Build.0 = Release|Any CPU
		{F0B324EA-F5F7-4ACB-922A-E1859F213D1A}.Debug|Any CPU.ActiveCfg = Debug|Any CPU
		{F0B324EA-F5F7-4ACB-922A-E1859F213D1A}.Debug|Any CPU.Build.0 = Debug|Any CPU
		{F0B324EA-F5F7-4ACB-922A-E1859F213D1A}.Release|Any CPU.ActiveCfg = Release|Any CPU
		{F0B324EA-F5F7-4ACB-922A-E1859F213D1A}.Release|Any CPU.Build.0 = Release|Any CPU
		{962AB9C6-EDB8-43BE-A4FB-9FA58034398C}.Debug|Any CPU.ActiveCfg = Debug|Any CPU
		{962AB9C6-EDB8-43BE-A4FB-9FA58034398C}.Debug|Any CPU.Build.0 = Debug|Any CPU
		{962AB9C6-EDB8-43BE-A4FB-9FA58034398C}.Release|Any CPU.ActiveCfg = Release|Any CPU
		{962AB9C6-EDB8-43BE-A4FB-9FA58034398C}.Release|Any CPU.Build.0 = Release|Any CPU
		{294781E9-F75D-49A5-AC85-2BB03E80F37F}.Debug|Any CPU.ActiveCfg = Debug|Any CPU
		{294781E9-F75D-49A5-AC85-2BB03E80F37F}.Debug|Any CPU.Build.0 = Debug|Any CPU
		{294781E9-F75D-49A5-AC85-2BB03E80F37F}.Release|Any CPU.ActiveCfg = Release|Any CPU
		{294781E9-F75D-49A5-AC85-2BB03E80F37F}.Release|Any CPU.Build.0 = Release|Any CPU
		{862F7C57-4F94-4599-A7FB-9EC7E96DE223}.Debug|Any CPU.ActiveCfg = Debug|Any CPU
		{862F7C57-4F94-4599-A7FB-9EC7E96DE223}.Debug|Any CPU.Build.0 = Debug|Any CPU
		{862F7C57-4F94-4599-A7FB-9EC7E96DE223}.Release|Any CPU.ActiveCfg = Release|Any CPU
		{862F7C57-4F94-4599-A7FB-9EC7E96DE223}.Release|Any CPU.Build.0 = Release|Any CPU
		{F29713E1-2179-41BA-8277-7F46AA61E76B}.Debug|Any CPU.ActiveCfg = Debug|Any CPU
		{F29713E1-2179-41BA-8277-7F46AA61E76B}.Debug|Any CPU.Build.0 = Debug|Any CPU
		{F29713E1-2179-41BA-8277-7F46AA61E76B}.Release|Any CPU.ActiveCfg = Release|Any CPU
		{F29713E1-2179-41BA-8277-7F46AA61E76B}.Release|Any CPU.Build.0 = Release|Any CPU
		{667EC725-8BAE-41A5-8328-EA833A7127E0}.Debug|Any CPU.ActiveCfg = Debug|Any CPU
		{667EC725-8BAE-41A5-8328-EA833A7127E0}.Debug|Any CPU.Build.0 = Debug|Any CPU
		{667EC725-8BAE-41A5-8328-EA833A7127E0}.Release|Any CPU.ActiveCfg = Release|Any CPU
		{667EC725-8BAE-41A5-8328-EA833A7127E0}.Release|Any CPU.Build.0 = Release|Any CPU
		{B69DFB46-6DCB-4C74-BCDE-92E86DC61156}.Debug|Any CPU.ActiveCfg = Debug|Any CPU
		{B69DFB46-6DCB-4C74-BCDE-92E86DC61156}.Debug|Any CPU.Build.0 = Debug|Any CPU
		{B69DFB46-6DCB-4C74-BCDE-92E86DC61156}.Release|Any CPU.ActiveCfg = Release|Any CPU
		{B69DFB46-6DCB-4C74-BCDE-92E86DC61156}.Release|Any CPU.Build.0 = Release|Any CPU
		{1412AB9D-480A-490A-BBD1-ED8D23290C7B}.Debug|Any CPU.ActiveCfg = Debug|Any CPU
		{1412AB9D-480A-490A-BBD1-ED8D23290C7B}.Debug|Any CPU.Build.0 = Debug|Any CPU
		{1412AB9D-480A-490A-BBD1-ED8D23290C7B}.Release|Any CPU.ActiveCfg = Release|Any CPU
		{1412AB9D-480A-490A-BBD1-ED8D23290C7B}.Release|Any CPU.Build.0 = Release|Any CPU
	EndGlobalSection
	GlobalSection(SolutionProperties) = preSolution
		HideSolutionNode = FALSE
	EndGlobalSection
	GlobalSection(NestedProjects) = preSolution
		{FAC2D80B-406A-4E00-8E59-79AE953566DB} = {02EA681E-C7D8-13C7-8484-4AC65E1B71E8}
		{04D38FB6-9342-4BB9-93A2-95D15D6BE8C3} = {02EA681E-C7D8-13C7-8484-4AC65E1B71E8}
		{6DBF621B-E4D8-41C3-9C4D-88E68FDEF93A} = {02EA681E-C7D8-13C7-8484-4AC65E1B71E8}
		{3AA3BEBA-C6CA-4642-8225-3AF76800E228} = {8CB2CE66-5B1D-4E86-B73E-FED5C8F1756C}
		{E5DE995C-DEA2-497A-A928-F87504699DC4} = {8CB2CE66-5B1D-4E86-B73E-FED5C8F1756C}
		{68F1F4F3-33F5-4D36-BDBE-A77E9B3E0A3E} = {8CB2CE66-5B1D-4E86-B73E-FED5C8F1756C}
		{D57E3608-B607-44D6-931D-EB1E459CA9E8} = {03F44093-B35D-434E-A2E3-4D3B0D82F316}
		{F0B324EA-F5F7-4ACB-922A-E1859F213D1A} = {03F44093-B35D-434E-A2E3-4D3B0D82F316}
		{962AB9C6-EDB8-43BE-A4FB-9FA58034398C} = {03F44093-B35D-434E-A2E3-4D3B0D82F316}
		{294781E9-F75D-49A5-AC85-2BB03E80F37F} = {A88ED74A-A65B-486F-A37B-4594CA4EDFDB}
		{862F7C57-4F94-4599-A7FB-9EC7E96DE223} = {A88ED74A-A65B-486F-A37B-4594CA4EDFDB}
		{F29713E1-2179-41BA-8277-7F46AA61E76B} = {A88ED74A-A65B-486F-A37B-4594CA4EDFDB}
		{667EC725-8BAE-41A5-8328-EA833A7127E0} = {36B7B3F1-5CB0-4800-9482-F103AFFC7A15}
		{B69DFB46-6DCB-4C74-BCDE-92E86DC61156} = {36B7B3F1-5CB0-4800-9482-F103AFFC7A15}
		{1412AB9D-480A-490A-BBD1-ED8D23290C7B} = {36B7B3F1-5CB0-4800-9482-F103AFFC7A15}
	EndGlobalSection
	GlobalSection(ExtensibilityGlobals) = postSolution
		SolutionGuid = {2489A21F-6A78-4565-882C-798D8C5F0280}
	EndGlobalSection
EndGlobal
